// !$*UTF8*$!
{
	archiveVersion = 1;
	classes = {
	};
	objectVersion = 50;
	objects = {

/* Begin PBXBuildFile section */
		1E75DFE721E959A200E499AE /* AppDelegate.swift in Sources */ = {isa = PBXBuildFile; fileRef = 1E75DFE621E959A200E499AE /* AppDelegate.swift */; };
		1E75DFE921E959A200E499AE /* ViewController.swift in Sources */ = {isa = PBXBuildFile; fileRef = 1E75DFE821E959A200E499AE /* ViewController.swift */; };
		1E75DFF021E959A200E499AE /* Main.storyboard in Resources */ = {isa = PBXBuildFile; fileRef = 1E75DFEE21E959A200E499AE /* Main.storyboard */; };
		1E75DFF221E959A400E499AE /* Assets.xcassets in Resources */ = {isa = PBXBuildFile; fileRef = 1E75DFF121E959A400E499AE /* Assets.xcassets */; };
		1E75DFF521E959A400E499AE /* LaunchScreen.storyboard in Resources */ = {isa = PBXBuildFile; fileRef = 1E75DFF321E959A400E499AE /* LaunchScreen.storyboard */; };
		1E75E00321E9620100E499AE /* PageViewController.swift in Sources */ = {isa = PBXBuildFile; fileRef = 1E75E00221E9620100E499AE /* PageViewController.swift */; };
/* End PBXBuildFile section */

/* Begin PBXFileReference section */
		1E75DFE321E959A200E499AE /* 08-ThePriceIsRight.app */ = {isa = PBXFileReference; explicitFileType = wrapper.application; includeInIndex = 0; path = "08-ThePriceIsRight.app"; sourceTree = BUILT_PRODUCTS_DIR; };
		1E75DFE621E959A200E499AE /* AppDelegate.swift */ = {isa = PBXFileReference; lastKnownFileType = sourcecode.swift; path = AppDelegate.swift; sourceTree = "<group>"; };
		1E75DFE821E959A200E499AE /* ViewController.swift */ = {isa = PBXFileReference; lastKnownFileType = sourcecode.swift; path = ViewController.swift; sourceTree = "<group>"; };
		1E75DFEF21E959A200E499AE /* Base */ = {isa = PBXFileReference; lastKnownFileType = file.storyboard; name = Base; path = Base.lproj/Main.storyboard; sourceTree = "<group>"; };
		1E75DFF121E959A400E499AE /* Assets.xcassets */ = {isa = PBXFileReference; lastKnownFileType = folder.assetcatalog; path = Assets.xcassets; sourceTree = "<group>"; };
		1E75DFF421E959A400E499AE /* Base */ = {isa = PBXFileReference; lastKnownFileType = file.storyboard; name = Base; path = Base.lproj/LaunchScreen.storyboard; sourceTree = "<group>"; };
		1E75DFF621E959A400E499AE /* Info.plist */ = {isa = PBXFileReference; lastKnownFileType = text.plist.xml; path = Info.plist; sourceTree = "<group>"; };
		1E75E00221E9620100E499AE /* PageViewController.swift */ = {isa = PBXFileReference; lastKnownFileType = sourcecode.swift; name = PageViewController.swift; path = "08-ThePriceIsRight/Controller/PageViewController.swift"; sourceTree = SOURCE_ROOT; };
/* End PBXFileReference section */

/* Begin PBXFrameworksBuildPhase section */
		1E75DFE021E959A200E499AE /* Frameworks */ = {
			isa = PBXFrameworksBuildPhase;
			buildActionMask = 2147483647;
			files = (
			);
			runOnlyForDeploymentPostprocessing = 0;
		};
/* End PBXFrameworksBuildPhase section */

/* Begin PBXGroup section */
		1E75DFDA21E959A200E499AE = {
			isa = PBXGroup;
			children = (
				1E75DFE521E959A200E499AE /* 08-ThePriceIsRight */,
				1E75DFE421E959A200E499AE /* Products */,
			);
			sourceTree = "<group>";
		};
		1E75DFE421E959A200E499AE /* Products */ = {
			isa = PBXGroup;
			children = (
				1E75DFE321E959A200E499AE /* 08-ThePriceIsRight.app */,
			);
			name = Products;
			sourceTree = "<group>";
		};
		1E75DFE521E959A200E499AE /* 08-ThePriceIsRight */ = {
			isa = PBXGroup;
			children = (
				1E75DFFE21E959C400E499AE /* Model */,
				1E75DFFD21E959C000E499AE /* View */,
				1E75DFFC21E959BC00E499AE /* Controller */,
				1E75DFFF21E959D700E499AE /* Supporting Files */,
			);
			path = "08-ThePriceIsRight";
			sourceTree = "<group>";
		};
		1E75DFFC21E959BC00E499AE /* Controller */ = {
			isa = PBXGroup;
			children = (
				1E75DFE621E959A200E499AE /* AppDelegate.swift */,
				1E75DFE821E959A200E499AE /* ViewController.swift */,
				1E75E00221E9620100E499AE /* PageViewController.swift */,
			);
			path = Controller;
			sourceTree = "<group>";
		};
		1E75DFFD21E959C000E499AE /* View */ = {
			isa = PBXGroup;
			children = (
				1E75DFEE21E959A200E499AE /* Main.storyboard */,
				1E75DFF321E959A400E499AE /* LaunchScreen.storyboard */,
			);
			path = View;
			sourceTree = "<group>";
		};
		1E75DFFE21E959C400E499AE /* Model */ = {
			isa = PBXGroup;
			children = (
			);
			path = Model;
			sourceTree = "<group>";
		};
		1E75DFFF21E959D700E499AE /* Supporting Files */ = {
			isa = PBXGroup;
			children = (
				1E75DFF121E959A400E499AE /* Assets.xcassets */,
				1E75DFF621E959A400E499AE /* Info.plist */,
			);
			path = "Supporting Files";
			sourceTree = "<group>";
		};
/* End PBXGroup section */

/* Begin PBXNativeTarget section */
		1E75DFE221E959A200E499AE /* 08-ThePriceIsRight */ = {
			isa = PBXNativeTarget;
			buildConfigurationList = 1E75DFF921E959A400E499AE /* Build configuration list for PBXNativeTarget "08-ThePriceIsRight" */;
			buildPhases = (
				1E75DFDF21E959A200E499AE /* Sources */,
				1E75DFE021E959A200E499AE /* Frameworks */,
				1E75DFE121E959A200E499AE /* Resources */,
			);
			buildRules = (
			);
			dependencies = (
			);
			name = "08-ThePriceIsRight";
			productName = "08-ThePriceIsRight";
			productReference = 1E75DFE321E959A200E499AE /* 08-ThePriceIsRight.app */;
			productType = "com.apple.product-type.application";
		};
/* End PBXNativeTarget section */

/* Begin PBXProject section */
		1E75DFDB21E959A200E499AE /* Project object */ = {
			isa = PBXProject;
			attributes = {
				LastSwiftUpdateCheck = 1010;
				LastUpgradeCheck = 1010;
				ORGANIZATIONNAME = Macabuku;
				TargetAttributes = {
					1E75DFE221E959A200E499AE = {
						CreatedOnToolsVersion = 10.1;
					};
				};
			};
			buildConfigurationList = 1E75DFDE21E959A200E499AE /* Build configuration list for PBXProject "08-ThePriceIsRight" */;
			compatibilityVersion = "Xcode 9.3";
			developmentRegion = en;
			hasScannedForEncodings = 0;
			knownRegions = (
				en,
				Base,
			);
			mainGroup = 1E75DFDA21E959A200E499AE;
			productRefGroup = 1E75DFE421E959A200E499AE /* Products */;
			projectDirPath = "";
			projectRoot = "";
			targets = (
				1E75DFE221E959A200E499AE /* 08-ThePriceIsRight */,
			);
		};
/* End PBXProject section */

/* Begin PBXResourcesBuildPhase section */
		1E75DFE121E959A200E499AE /* Resources */ = {
			isa = PBXResourcesBuildPhase;
			buildActionMask = 2147483647;
			files = (
				1E75DFF521E959A400E499AE /* LaunchScreen.storyboard in Resources */,
				1E75DFF221E959A400E499AE /* Assets.xcassets in Resources */,
				1E75DFF021E959A200E499AE /* Main.storyboard in Resources */,
			);
			runOnlyForDeploymentPostprocessing = 0;
		};
/* End PBXResourcesBuildPhase section */

/* Begin PBXSourcesBuildPhase section */
		1E75DFDF21E959A200E499AE /* Sources */ = {
			isa = PBXSourcesBuildPhase;
			buildActionMask = 2147483647;
			files = (
				1E75E00321E9620100E499AE /* PageViewController.swift in Sources */,
				1E75DFE921E959A200E499AE /* ViewController.swift in Sources */,
				1E75DFE721E959A200E499AE /* AppDelegate.swift in Sources */,
			);
			runOnlyForDeploymentPostprocessing = 0;
		};
/* End PBXSourcesBuildPhase section */

/* Begin PBXVariantGroup section */
		1E75DFEE21E959A200E499AE /* Main.storyboard */ = {
			isa = PBXVariantGroup;
			children = (
				1E75DFEF21E959A200E499AE /* Base */,
			);
			name = Main.storyboard;
			sourceTree = "<group>";
		};
		1E75DFF321E959A400E499AE /* LaunchScreen.storyboard */ = {
			isa = PBXVariantGroup;
			children = (
				1E75DFF421E959A400E499AE /* Base */,
			);
			name = LaunchScreen.storyboard;
			sourceTree = "<group>";
		};
/* End PBXVariantGroup section */

/* Begin XCBuildConfiguration section */
		1E75DFF721E959A400E499AE /* Debug */ = {
			isa = XCBuildConfiguration;
			buildSettings = {
				ALWAYS_SEARCH_USER_PATHS = NO;
				CLANG_ANALYZER_NONNULL = YES;
				CLANG_ANALYZER_NUMBER_OBJECT_CONVERSION = YES_AGGRESSIVE;
				CLANG_CXX_LANGUAGE_STANDARD = "gnu++14";
				CLANG_CXX_LIBRARY = "libc++";
				CLANG_ENABLE_MODULES = YES;
				CLANG_ENABLE_OBJC_ARC = YES;
				CLANG_ENABLE_OBJC_WEAK = YES;
				CLANG_WARN_BLOCK_CAPTURE_AUTORELEASING = YES;
				CLANG_WARN_BOOL_CONVERSION = YES;
				CLANG_WARN_COMMA = YES;
				CLANG_WARN_CONSTANT_CONVERSION = YES;
				CLANG_WARN_DEPRECATED_OBJC_IMPLEMENTATIONS = YES;
				CLANG_WARN_DIRECT_OBJC_ISA_USAGE = YES_ERROR;
				CLANG_WARN_DOCUMENTATION_COMMENTS = YES;
				CLANG_WARN_EMPTY_BODY = YES;
				CLANG_WARN_ENUM_CONVERSION = YES;
				CLANG_WARN_INFINITE_RECURSION = YES;
				CLANG_WARN_INT_CONVERSION = YES;
				CLANG_WARN_NON_LITERAL_NULL_CONVERSION = YES;
				CLANG_WARN_OBJC_IMPLICIT_RETAIN_SELF = YES;
				CLANG_WARN_OBJC_LITERAL_CONVERSION = YES;
				CLANG_WARN_OBJC_ROOT_CLASS = YES_ERROR;
				CLANG_WARN_RANGE_LOOP_ANALYSIS = YES;
				CLANG_WARN_STRICT_PROTOTYPES = YES;
				CLANG_WARN_SUSPICIOUS_MOVE = YES;
				CLANG_WARN_UNGUARDED_AVAILABILITY = YES_AGGRESSIVE;
				CLANG_WARN_UNREACHABLE_CODE = YES;
				CLANG_WARN__DUPLICATE_METHOD_MATCH = YES;
				CODE_SIGN_IDENTITY = "iPhone Developer";
				COPY_PHASE_STRIP = NO;
				DEBUG_INFORMATION_FORMAT = dwarf;
				ENABLE_STRICT_OBJC_MSGSEND = YES;
				ENABLE_TESTABILITY = YES;
				GCC_C_LANGUAGE_STANDARD = gnu11;
				GCC_DYNAMIC_NO_PIC = NO;
				GCC_NO_COMMON_BLOCKS = YES;
				GCC_OPTIMIZATION_LEVEL = 0;
				GCC_PREPROCESSOR_DEFINITIONS = (
					"DEBUG=1",
					"$(inherited)",
				);
				GCC_WARN_64_TO_32_BIT_CONVERSION = YES;
				GCC_WARN_ABOUT_RETURN_TYPE = YES_ERROR;
				GCC_WARN_UNDECLARED_SELECTOR = YES;
				GCC_WARN_UNINITIALIZED_AUTOS = YES_AGGRESSIVE;
				GCC_WARN_UNUSED_FUNCTION = YES;
				GCC_WARN_UNUSED_VARIABLE = YES;
				IPHONEOS_DEPLOYMENT_TARGET = 12.1;
				MTL_ENABLE_DEBUG_INFO = INCLUDE_SOURCE;
				MTL_FAST_MATH = YES;
				ONLY_ACTIVE_ARCH = YES;
				SDKROOT = iphoneos;
				SWIFT_ACTIVE_COMPILATION_CONDITIONS = DEBUG;
				SWIFT_OPTIMIZATION_LEVEL = "-Onone";
			};
			name = Debug;
		};
		1E75DFF821E959A400E499AE /* Release */ = {
			isa = XCBuildConfiguration;
			buildSettings = {
				ALWAYS_SEARCH_USER_PATHS = NO;
				CLANG_ANALYZER_NONNULL = YES;
				CLANG_ANALYZER_NUMBER_OBJECT_CONVERSION = YES_AGGRESSIVE;
				CLANG_CXX_LANGUAGE_STANDARD = "gnu++14";
				CLANG_CXX_LIBRARY = "libc++";
				CLANG_ENABLE_MODULES = YES;
				CLANG_ENABLE_OBJC_ARC = YES;
				CLANG_ENABLE_OBJC_WEAK = YES;
				CLANG_WARN_BLOCK_CAPTURE_AUTORELEASING = YES;
				CLANG_WARN_BOOL_CONVERSION = YES;
				CLANG_WARN_COMMA = YES;
				CLANG_WARN_CONSTANT_CONVERSION = YES;
				CLANG_WARN_DEPRECATED_OBJC_IMPLEMENTATIONS = YES;
				CLANG_WARN_DIRECT_OBJC_ISA_USAGE = YES_ERROR;
				CLANG_WARN_DOCUMENTATION_COMMENTS = YES;
				CLANG_WARN_EMPTY_BODY = YES;
				CLANG_WARN_ENUM_CONVERSION = YES;
				CLANG_WARN_INFINITE_RECURSION = YES;
				CLANG_WARN_INT_CONVERSION = YES;
				CLANG_WARN_NON_LITERAL_NULL_CONVERSION = YES;
				CLANG_WARN_OBJC_IMPLICIT_RETAIN_SELF = YES;
				CLANG_WARN_OBJC_LITERAL_CONVERSION = YES;
				CLANG_WARN_OBJC_ROOT_CLASS = YES_ERROR;
				CLANG_WARN_RANGE_LOOP_ANALYSIS = YES;
				CLANG_WARN_STRICT_PROTOTYPES = YES;
				CLANG_WARN_SUSPICIOUS_MOVE = YES;
				CLANG_WARN_UNGUARDED_AVAILABILITY = YES_AGGRESSIVE;
				CLANG_WARN_UNREACHABLE_CODE = YES;
				CLANG_WARN__DUPLICATE_METHOD_MATCH = YES;
				CODE_SIGN_IDENTITY = "iPhone Developer";
				COPY_PHASE_STRIP = NO;
				DEBUG_INFORMATION_FORMAT = "dwarf-with-dsym";
				ENABLE_NS_ASSERTIONS = NO;
				ENABLE_STRICT_OBJC_MSGSEND = YES;
				GCC_C_LANGUAGE_STANDARD = gnu11;
				GCC_NO_COMMON_BLOCKS = YES;
				GCC_WARN_64_TO_32_BIT_CONVERSION = YES;
				GCC_WARN_ABOUT_RETURN_TYPE = YES_ERROR;
				GCC_WARN_UNDECLARED_SELECTOR = YES;
				GCC_WARN_UNINITIALIZED_AUTOS = YES_AGGRESSIVE;
				GCC_WARN_UNUSED_FUNCTION = YES;
				GCC_WARN_UNUSED_VARIABLE = YES;
				IPHONEOS_DEPLOYMENT_TARGET = 12.1;
				MTL_ENABLE_DEBUG_INFO = NO;
				MTL_FAST_MATH = YES;
				SDKROOT = iphoneos;
				SWIFT_COMPILATION_MODE = wholemodule;
				SWIFT_OPTIMIZATION_LEVEL = "-O";
				VALIDATE_PRODUCT = YES;
			};
			name = Release;
		};
		1E75DFFA21E959A400E499AE /* Debug */ = {
			isa = XCBuildConfiguration;
			buildSettings = {
				ASSETCATALOG_COMPILER_APPICON_NAME = AppIcon;
				CODE_SIGN_STYLE = Automatic;
				DEVELOPMENT_TEAM = R2D8XYZFP2;
				INFOPLIST_FILE = "$(SRCROOT)/08-ThePriceIsRight/Supporting Files/Info.plist";
				LD_RUNPATH_SEARCH_PATHS = (
					"$(inherited)",
					"@executable_path/Frameworks",
				);
				PRODUCT_BUNDLE_IDENTIFIER = "com.jorgemoraprieto.-8-ThePriceIsRight";
				PRODUCT_NAME = "$(TARGET_NAME)";
				SWIFT_VERSION = 4.2;
				TARGETED_DEVICE_FAMILY = 1;
			};
			name = Debug;
		};
		1E75DFFB21E959A400E499AE /* Release */ = {
			isa = XCBuildConfiguration;
			buildSettings = {
				ASSETCATALOG_COMPILER_APPICON_NAME = AppIcon;
				CODE_SIGN_STYLE = Automatic;
				DEVELOPMENT_TEAM = R2D8XYZFP2;
				INFOPLIST_FILE = "$(SRCROOT)/08-ThePriceIsRight/Supporting Files/Info.plist";
				LD_RUNPATH_SEARCH_PATHS = (
					"$(inherited)",
					"@executable_path/Frameworks",
				);
				PRODUCT_BUNDLE_IDENTIFIER = "com.jorgemoraprieto.-8-ThePriceIsRight";
				PRODUCT_NAME = "$(TARGET_NAME)";
				SWIFT_VERSION = 4.2;
				TARGETED_DEVICE_FAMILY = 1;
			};
			name = Release;
		};
/* End XCBuildConfiguration section */

/* Begin XCConfigurationList section */
		1E75DFDE21E959A200E499AE /* Build configuration list for PBXProject "08-ThePriceIsRight" */ = {
			isa = XCConfigurationList;
			buildConfigurations = (
				1E75DFF721E959A400E499AE /* Debug */,
				1E75DFF821E959A400E499AE /* Release */,
			);
			defaultConfigurationIsVisible = 0;
			defaultConfigurationName = Release;
		};
		1E75DFF921E959A400E499AE /* Build configuration list for PBXNativeTarget "08-ThePriceIsRight" */ = {
			isa = XCConfigurationList;
			buildConfigurations = (
				1E75DFFA21E959A400E499AE /* Debug */,
				1E75DFFB21E959A400E499AE /* Release */,
			);
			defaultConfigurationIsVisible = 0;
			defaultConfigurationName = Release;
		};
/* End XCConfigurationList section */
	};
	rootObject = 1E75DFDB21E959A200E499AE /* Project object */;
}
