// !$*UTF8*$!
{
	archiveVersion = 1;
	classes = {
	};
	objectVersion = 50;
	objects = {

/* Begin PBXBuildFile section */
		9AD75FA321CBD5E4006834CE /* AppDelegate.swift in Sources */ = {isa = PBXBuildFile; fileRef = 9AD75FA221CBD5E4006834CE /* AppDelegate.swift */; };
		9AD75FA521CBD5E4006834CE /* ViewController.swift in Sources */ = {isa = PBXBuildFile; fileRef = 9AD75FA421CBD5E4006834CE /* ViewController.swift */; };
		9AD75FA821CBD5E4006834CE /* Main.storyboard in Resources */ = {isa = PBXBuildFile; fileRef = 9AD75FA621CBD5E4006834CE /* Main.storyboard */; };
		9AD75FAA21CBD5E5006834CE /* Assets.xcassets in Resources */ = {isa = PBXBuildFile; fileRef = 9AD75FA921CBD5E5006834CE /* Assets.xcassets */; };
		9AD75FAD21CBD5E5006834CE /* LaunchScreen.storyboard in Resources */ = {isa = PBXBuildFile; fileRef = 9AD75FAB21CBD5E5006834CE /* LaunchScreen.storyboard */; };
		9AD75FB821CBD5E5006834CE /* pruebaIpadTests.swift in Sources */ = {isa = PBXBuildFile; fileRef = 9AD75FB721CBD5E5006834CE /* pruebaIpadTests.swift */; };
		9AD75FC321CBD5E5006834CE /* pruebaIpadUITests.swift in Sources */ = {isa = PBXBuildFile; fileRef = 9AD75FC221CBD5E5006834CE /* pruebaIpadUITests.swift */; };
/* End PBXBuildFile section */

/* Begin PBXContainerItemProxy section */
		9AD75FB421CBD5E5006834CE /* PBXContainerItemProxy */ = {
			isa = PBXContainerItemProxy;
			containerPortal = 9AD75F9721CBD5E4006834CE /* Project object */;
			proxyType = 1;
			remoteGlobalIDString = 9AD75F9E21CBD5E4006834CE;
			remoteInfo = pruebaIpad;
		};
		9AD75FBF21CBD5E5006834CE /* PBXContainerItemProxy */ = {
			isa = PBXContainerItemProxy;
			containerPortal = 9AD75F9721CBD5E4006834CE /* Project object */;
			proxyType = 1;
			remoteGlobalIDString = 9AD75F9E21CBD5E4006834CE;
			remoteInfo = pruebaIpad;
		};
/* End PBXContainerItemProxy section */

/* Begin PBXFileReference section */
		9AD75F9F21CBD5E4006834CE /* IamRichVader.app */ = {isa = PBXFileReference; explicitFileType = wrapper.application; includeInIndex = 0; path = IamRichVader.app; sourceTree = BUILT_PRODUCTS_DIR; };
		9AD75FA221CBD5E4006834CE /* AppDelegate.swift */ = {isa = PBXFileReference; lastKnownFileType = sourcecode.swift; path = AppDelegate.swift; sourceTree = "<group>"; };
		9AD75FA421CBD5E4006834CE /* ViewController.swift */ = {isa = PBXFileReference; lastKnownFileType = sourcecode.swift; path = ViewController.swift; sourceTree = "<group>"; };
		9AD75FA721CBD5E4006834CE /* Base */ = {isa = PBXFileReference; lastKnownFileType = file.storyboard; name = Base; path = Base.lproj/Main.storyboard; sourceTree = "<group>"; };
		9AD75FA921CBD5E5006834CE /* Assets.xcassets */ = {isa = PBXFileReference; lastKnownFileType = folder.assetcatalog; path = Assets.xcassets; sourceTree = "<group>"; };
		9AD75FAC21CBD5E5006834CE /* Base */ = {isa = PBXFileReference; lastKnownFileType = file.storyboard; name = Base; path = Base.lproj/LaunchScreen.storyboard; sourceTree = "<group>"; };
		9AD75FAE21CBD5E5006834CE /* Info.plist */ = {isa = PBXFileReference; lastKnownFileType = text.plist.xml; path = Info.plist; sourceTree = "<group>"; };
		9AD75FB321CBD5E5006834CE /* IamRichVaderTests.xctest */ = {isa = PBXFileReference; explicitFileType = wrapper.cfbundle; includeInIndex = 0; path = IamRichVaderTests.xctest; sourceTree = BUILT_PRODUCTS_DIR; };
		9AD75FB721CBD5E5006834CE /* pruebaIpadTests.swift */ = {isa = PBXFileReference; lastKnownFileType = sourcecode.swift; path = pruebaIpadTests.swift; sourceTree = "<group>"; };
		9AD75FB921CBD5E5006834CE /* Info.plist */ = {isa = PBXFileReference; lastKnownFileType = text.plist.xml; path = Info.plist; sourceTree = "<group>"; };
		9AD75FBE21CBD5E5006834CE /* IamRichVaderUITests.xctest */ = {isa = PBXFileReference; explicitFileType = wrapper.cfbundle; includeInIndex = 0; path = IamRichVaderUITests.xctest; sourceTree = BUILT_PRODUCTS_DIR; };
		9AD75FC221CBD5E5006834CE /* pruebaIpadUITests.swift */ = {isa = PBXFileReference; lastKnownFileType = sourcecode.swift; path = pruebaIpadUITests.swift; sourceTree = "<group>"; };
		9AD75FC421CBD5E5006834CE /* Info.plist */ = {isa = PBXFileReference; lastKnownFileType = text.plist.xml; path = Info.plist; sourceTree = "<group>"; };
/* End PBXFileReference section */

/* Begin PBXFrameworksBuildPhase section */
		9AD75F9C21CBD5E4006834CE /* Frameworks */ = {
			isa = PBXFrameworksBuildPhase;
			buildActionMask = 2147483647;
			files = (
			);
			runOnlyForDeploymentPostprocessing = 0;
		};
		9AD75FB021CBD5E5006834CE /* Frameworks */ = {
			isa = PBXFrameworksBuildPhase;
			buildActionMask = 2147483647;
			files = (
			);
			runOnlyForDeploymentPostprocessing = 0;
		};
		9AD75FBB21CBD5E5006834CE /* Frameworks */ = {
			isa = PBXFrameworksBuildPhase;
			buildActionMask = 2147483647;
			files = (
			);
			runOnlyForDeploymentPostprocessing = 0;
		};
/* End PBXFrameworksBuildPhase section */

/* Begin PBXGroup section */
		9AD75F9621CBD5E4006834CE = {
			isa = PBXGroup;
			children = (
				9AD75FA121CBD5E4006834CE /* pruebaIpad */,
				9AD75FB621CBD5E5006834CE /* pruebaIpadTests */,
				9AD75FC121CBD5E5006834CE /* pruebaIpadUITests */,
				9AD75FA021CBD5E4006834CE /* Products */,
			);
			sourceTree = "<group>";
		};
		9AD75FA021CBD5E4006834CE /* Products */ = {
			isa = PBXGroup;
			children = (
				9AD75F9F21CBD5E4006834CE /* IamRichVader.app */,
				9AD75FB321CBD5E5006834CE /* IamRichVaderTests.xctest */,
				9AD75FBE21CBD5E5006834CE /* IamRichVaderUITests.xctest */,
			);
			name = Products;
			sourceTree = "<group>";
		};
		9AD75FA121CBD5E4006834CE /* pruebaIpad */ = {
			isa = PBXGroup;
			children = (
				9AD75FA221CBD5E4006834CE /* AppDelegate.swift */,
				9AD75FA421CBD5E4006834CE /* ViewController.swift */,
				9AD75FA621CBD5E4006834CE /* Main.storyboard */,
				9AD75FA921CBD5E5006834CE /* Assets.xcassets */,
				9AD75FAB21CBD5E5006834CE /* LaunchScreen.storyboard */,
				9AD75FAE21CBD5E5006834CE /* Info.plist */,
			);
			path = pruebaIpad;
			sourceTree = "<group>";
		};
		9AD75FB621CBD5E5006834CE /* pruebaIpadTests */ = {
			isa = PBXGroup;
			children = (
				9AD75FB721CBD5E5006834CE /* pruebaIpadTests.swift */,
				9AD75FB921CBD5E5006834CE /* Info.plist */,
			);
			path = pruebaIpadTests;
			sourceTree = "<group>";
		};
		9AD75FC121CBD5E5006834CE /* pruebaIpadUITests */ = {
			isa = PBXGroup;
			children = (
				9AD75FC221CBD5E5006834CE /* pruebaIpadUITests.swift */,
				9AD75FC421CBD5E5006834CE /* Info.plist */,
			);
			path = pruebaIpadUITests;
			sourceTree = "<group>";
		};
/* End PBXGroup section */

/* Begin PBXNativeTarget section */
		9AD75F9E21CBD5E4006834CE /* IamRichVader */ = {
			isa = PBXNativeTarget;
			buildConfigurationList = 9AD75FC721CBD5E5006834CE /* Build configuration list for PBXNativeTarget "IamRichVader" */;
			buildPhases = (
				9AD75F9B21CBD5E4006834CE /* Sources */,
				9AD75F9C21CBD5E4006834CE /* Frameworks */,
				9AD75F9D21CBD5E4006834CE /* Resources */,
			);
			buildRules = (
			);
			dependencies = (
			);
			name = IamRichVader;
			productName = pruebaIpad;
			productReference = 9AD75F9F21CBD5E4006834CE /* IamRichVader.app */;
			productType = "com.apple.product-type.application";
		};
		9AD75FB221CBD5E5006834CE /* IamRichVaderTests */ = {
			isa = PBXNativeTarget;
			buildConfigurationList = 9AD75FCA21CBD5E5006834CE /* Build configuration list for PBXNativeTarget "IamRichVaderTests" */;
			buildPhases = (
				9AD75FAF21CBD5E5006834CE /* Sources */,
				9AD75FB021CBD5E5006834CE /* Frameworks */,
				9AD75FB121CBD5E5006834CE /* Resources */,
			);
			buildRules = (
			);
			dependencies = (
				9AD75FB521CBD5E5006834CE /* PBXTargetDependency */,
			);
			name = IamRichVaderTests;
			productName = pruebaIpadTests;
			productReference = 9AD75FB321CBD5E5006834CE /* IamRichVaderTests.xctest */;
			productType = "com.apple.product-type.bundle.unit-test";
		};
		9AD75FBD21CBD5E5006834CE /* IamRichVaderUITests */ = {
			isa = PBXNativeTarget;
			buildConfigurationList = 9AD75FCD21CBD5E5006834CE /* Build configuration list for PBXNativeTarget "IamRichVaderUITests" */;
			buildPhases = (
				9AD75FBA21CBD5E5006834CE /* Sources */,
				9AD75FBB21CBD5E5006834CE /* Frameworks */,
				9AD75FBC21CBD5E5006834CE /* Resources */,
			);
			buildRules = (
			);
			dependencies = (
				9AD75FC021CBD5E5006834CE /* PBXTargetDependency */,
			);
			name = IamRichVaderUITests;
			productName = pruebaIpadUITests;
			productReference = 9AD75FBE21CBD5E5006834CE /* IamRichVaderUITests.xctest */;
			productType = "com.apple.product-type.bundle.ui-testing";
		};
/* End PBXNativeTarget section */

/* Begin PBXProject section */
		9AD75F9721CBD5E4006834CE /* Project object */ = {
			isa = PBXProject;
			attributes = {
				LastSwiftUpdateCheck = 1010;
				LastUpgradeCheck = 1010;
				ORGANIZATIONNAME = "Mac Mini";
				TargetAttributes = {
					9AD75F9E21CBD5E4006834CE = {
						CreatedOnToolsVersion = 10.1;
					};
					9AD75FB221CBD5E5006834CE = {
						CreatedOnToolsVersion = 10.1;
						TestTargetID = 9AD75F9E21CBD5E4006834CE;
					};
					9AD75FBD21CBD5E5006834CE = {
						CreatedOnToolsVersion = 10.1;
						TestTargetID = 9AD75F9E21CBD5E4006834CE;
					};
				};
			};
			buildConfigurationList = 9AD75F9A21CBD5E4006834CE /* Build configuration list for PBXProject "IamRichVader" */;
			compatibilityVersion = "Xcode 9.3";
			developmentRegion = en;
			hasScannedForEncodings = 0;
			knownRegions = (
				en,
				Base,
			);
			mainGroup = 9AD75F9621CBD5E4006834CE;
			productRefGroup = 9AD75FA021CBD5E4006834CE /* Products */;
			projectDirPath = "";
			projectRoot = "";
			targets = (
				9AD75F9E21CBD5E4006834CE /* IamRichVader */,
				9AD75FB221CBD5E5006834CE /* IamRichVaderTests */,
				9AD75FBD21CBD5E5006834CE /* IamRichVaderUITests */,
			);
		};
/* End PBXProject section */

/* Begin PBXResourcesBuildPhase section */
		9AD75F9D21CBD5E4006834CE /* Resources */ = {
			isa = PBXResourcesBuildPhase;
			buildActionMask = 2147483647;
			files = (
				9AD75FAD21CBD5E5006834CE /* LaunchScreen.storyboard in Resources */,
				9AD75FAA21CBD5E5006834CE /* Assets.xcassets in Resources */,
				9AD75FA821CBD5E4006834CE /* Main.storyboard in Resources */,
			);
			runOnlyForDeploymentPostprocessing = 0;
		};
		9AD75FB121CBD5E5006834CE /* Resources */ = {
			isa = PBXResourcesBuildPhase;
			buildActionMask = 2147483647;
			files = (
			);
			runOnlyForDeploymentPostprocessing = 0;
		};
		9AD75FBC21CBD5E5006834CE /* Resources */ = {
			isa = PBXResourcesBuildPhase;
			buildActionMask = 2147483647;
			files = (
			);
			runOnlyForDeploymentPostprocessing = 0;
		};
/* End PBXResourcesBuildPhase section */

/* Begin PBXSourcesBuildPhase section */
		9AD75F9B21CBD5E4006834CE /* Sources */ = {
			isa = PBXSourcesBuildPhase;
			buildActionMask = 2147483647;
			files = (
				9AD75FA521CBD5E4006834CE /* ViewController.swift in Sources */,
				9AD75FA321CBD5E4006834CE /* AppDelegate.swift in Sources */,
			);
			runOnlyForDeploymentPostprocessing = 0;
		};
		9AD75FAF21CBD5E5006834CE /* Sources */ = {
			isa = PBXSourcesBuildPhase;
			buildActionMask = 2147483647;
			files = (
				9AD75FB821CBD5E5006834CE /* pruebaIpadTests.swift in Sources */,
			);
			runOnlyForDeploymentPostprocessing = 0;
		};
		9AD75FBA21CBD5E5006834CE /* Sources */ = {
			isa = PBXSourcesBuildPhase;
			buildActionMask = 2147483647;
			files = (
				9AD75FC321CBD5E5006834CE /* pruebaIpadUITests.swift in Sources */,
			);
			runOnlyForDeploymentPostprocessing = 0;
		};
/* End PBXSourcesBuildPhase section */

/* Begin PBXTargetDependency section */
		9AD75FB521CBD5E5006834CE /* PBXTargetDependency */ = {
			isa = PBXTargetDependency;
			target = 9AD75F9E21CBD5E4006834CE /* IamRichVader */;
			targetProxy = 9AD75FB421CBD5E5006834CE /* PBXContainerItemProxy */;
		};
		9AD75FC021CBD5E5006834CE /* PBXTargetDependency */ = {
			isa = PBXTargetDependency;
			target = 9AD75F9E21CBD5E4006834CE /* IamRichVader */;
			targetProxy = 9AD75FBF21CBD5E5006834CE /* PBXContainerItemProxy */;
		};
/* End PBXTargetDependency section */

/* Begin PBXVariantGroup section */
		9AD75FA621CBD5E4006834CE /* Main.storyboard */ = {
			isa = PBXVariantGroup;
			children = (
				9AD75FA721CBD5E4006834CE /* Base */,
			);
			name = Main.storyboard;
			sourceTree = "<group>";
		};
		9AD75FAB21CBD5E5006834CE /* LaunchScreen.storyboard */ = {
			isa = PBXVariantGroup;
			children = (
				9AD75FAC21CBD5E5006834CE /* Base */,
			);
			name = LaunchScreen.storyboard;
			sourceTree = "<group>";
		};
/* End PBXVariantGroup section */

/* Begin XCBuildConfiguration section */
		9AD75FC521CBD5E5006834CE /* Debug */ = {
			isa = XCBuildConfiguration;
			buildSettings = {
				ALWAYS_SEARCH_USER_PATHS = NO;
				CLANG_ANALYZER_NONNULL = YES;
				CLANG_ANALYZER_NUMBER_OBJECT_CONVERSION = YES_AGGRESSIVE;
				CLANG_CXX_LANGUAGE_STANDARD = "gnu++14";
				CLANG_CXX_LIBRARY = "libc++";
				CLANG_ENABLE_MODULES = YES;
				CLANG_ENABLE_OBJC_ARC = YES;
				CLANG_ENABLE_OBJC_WEAK = YES;
				CLANG_WARN_BLOCK_CAPTURE_AUTORELEASING = YES;
				CLANG_WARN_BOOL_CONVERSION = YES;
				CLANG_WARN_COMMA = YES;
				CLANG_WARN_CONSTANT_CONVERSION = YES;
				CLANG_WARN_DEPRECATED_OBJC_IMPLEMENTATIONS = YES;
				CLANG_WARN_DIRECT_OBJC_ISA_USAGE = YES_ERROR;
				CLANG_WARN_DOCUMENTATION_COMMENTS = YES;
				CLANG_WARN_EMPTY_BODY = YES;
				CLANG_WARN_ENUM_CONVERSION = YES;
				CLANG_WARN_INFINITE_RECURSION = YES;
				CLANG_WARN_INT_CONVERSION = YES;
				CLANG_WARN_NON_LITERAL_NULL_CONVERSION = YES;
				CLANG_WARN_OBJC_IMPLICIT_RETAIN_SELF = YES;
				CLANG_WARN_OBJC_LITERAL_CONVERSION = YES;
				CLANG_WARN_OBJC_ROOT_CLASS = YES_ERROR;
				CLANG_WARN_RANGE_LOOP_ANALYSIS = YES;
				CLANG_WARN_STRICT_PROTOTYPES = YES;
				CLANG_WARN_SUSPICIOUS_MOVE = YES;
				CLANG_WARN_UNGUARDED_AVAILABILITY = YES_AGGRESSIVE;
				CLANG_WARN_UNREACHABLE_CODE = YES;
				CLANG_WARN__DUPLICATE_METHOD_MATCH = YES;
				CODE_SIGN_IDENTITY = "iPhone Developer";
				COPY_PHASE_STRIP = NO;
				DEBUG_INFORMATION_FORMAT = dwarf;
				ENABLE_STRICT_OBJC_MSGSEND = YES;
				ENABLE_TESTABILITY = YES;
				GCC_C_LANGUAGE_STANDARD = gnu11;
				GCC_DYNAMIC_NO_PIC = NO;
				GCC_NO_COMMON_BLOCKS = YES;
				GCC_OPTIMIZATION_LEVEL = 0;
				GCC_PREPROCESSOR_DEFINITIONS = (
					"DEBUG=1",
					"$(inherited)",
				);
				GCC_WARN_64_TO_32_BIT_CONVERSION = YES;
				GCC_WARN_ABOUT_RETURN_TYPE = YES_ERROR;
				GCC_WARN_UNDECLARED_SELECTOR = YES;
				GCC_WARN_UNINITIALIZED_AUTOS = YES_AGGRESSIVE;
				GCC_WARN_UNUSED_FUNCTION = YES;
				GCC_WARN_UNUSED_VARIABLE = YES;
				IPHONEOS_DEPLOYMENT_TARGET = 12.1;
				MTL_ENABLE_DEBUG_INFO = INCLUDE_SOURCE;
				MTL_FAST_MATH = YES;
				ONLY_ACTIVE_ARCH = YES;
				SDKROOT = iphoneos;
				SWIFT_ACTIVE_COMPILATION_CONDITIONS = DEBUG;
				SWIFT_OPTIMIZATION_LEVEL = "-Onone";
			};
			name = Debug;
		};
		9AD75FC621CBD5E5006834CE /* Release */ = {
			isa = XCBuildConfiguration;
			buildSettings = {
				ALWAYS_SEARCH_USER_PATHS = NO;
				CLANG_ANALYZER_NONNULL = YES;
				CLANG_ANALYZER_NUMBER_OBJECT_CONVERSION = YES_AGGRESSIVE;
				CLANG_CXX_LANGUAGE_STANDARD = "gnu++14";
				CLANG_CXX_LIBRARY = "libc++";
				CLANG_ENABLE_MODULES = YES;
				CLANG_ENABLE_OBJC_ARC = YES;
				CLANG_ENABLE_OBJC_WEAK = YES;
				CLANG_WARN_BLOCK_CAPTURE_AUTORELEASING = YES;
				CLANG_WARN_BOOL_CONVERSION = YES;
				CLANG_WARN_COMMA = YES;
				CLANG_WARN_CONSTANT_CONVERSION = YES;
				CLANG_WARN_DEPRECATED_OBJC_IMPLEMENTATIONS = YES;
				CLANG_WARN_DIRECT_OBJC_ISA_USAGE = YES_ERROR;
				CLANG_WARN_DOCUMENTATION_COMMENTS = YES;
				CLANG_WARN_EMPTY_BODY = YES;
				CLANG_WARN_ENUM_CONVERSION = YES;
				CLANG_WARN_INFINITE_RECURSION = YES;
				CLANG_WARN_INT_CONVERSION = YES;
				CLANG_WARN_NON_LITERAL_NULL_CONVERSION = YES;
				CLANG_WARN_OBJC_IMPLICIT_RETAIN_SELF = YES;
				CLANG_WARN_OBJC_LITERAL_CONVERSION = YES;
				CLANG_WARN_OBJC_ROOT_CLASS = YES_ERROR;
				CLANG_WARN_RANGE_LOOP_ANALYSIS = YES;
				CLANG_WARN_STRICT_PROTOTYPES = YES;
				CLANG_WARN_SUSPICIOUS_MOVE = YES;
				CLANG_WARN_UNGUARDED_AVAILABILITY = YES_AGGRESSIVE;
				CLANG_WARN_UNREACHABLE_CODE = YES;
				CLANG_WARN__DUPLICATE_METHOD_MATCH = YES;
				CODE_SIGN_IDENTITY = "iPhone Developer";
				COPY_PHASE_STRIP = NO;
				DEBUG_INFORMATION_FORMAT = "dwarf-with-dsym";
				ENABLE_NS_ASSERTIONS = NO;
				ENABLE_STRICT_OBJC_MSGSEND = YES;
				GCC_C_LANGUAGE_STANDARD = gnu11;
				GCC_NO_COMMON_BLOCKS = YES;
				GCC_WARN_64_TO_32_BIT_CONVERSION = YES;
				GCC_WARN_ABOUT_RETURN_TYPE = YES_ERROR;
				GCC_WARN_UNDECLARED_SELECTOR = YES;
				GCC_WARN_UNINITIALIZED_AUTOS = YES_AGGRESSIVE;
				GCC_WARN_UNUSED_FUNCTION = YES;
				GCC_WARN_UNUSED_VARIABLE = YES;
				IPHONEOS_DEPLOYMENT_TARGET = 12.1;
				MTL_ENABLE_DEBUG_INFO = NO;
				MTL_FAST_MATH = YES;
				SDKROOT = iphoneos;
				SWIFT_COMPILATION_MODE = wholemodule;
				SWIFT_OPTIMIZATION_LEVEL = "-O";
				VALIDATE_PRODUCT = YES;
			};
			name = Release;
		};
		9AD75FC821CBD5E5006834CE /* Debug */ = {
			isa = XCBuildConfiguration;
			buildSettings = {
				ASSETCATALOG_COMPILER_APPICON_NAME = AppIcon;
				CODE_SIGN_STYLE = Automatic;
				DEVELOPMENT_TEAM = R2D8XYZFP2;
				INFOPLIST_FILE = pruebaIpad/Info.plist;
				IPHONEOS_DEPLOYMENT_TARGET = 12.1;
				LD_RUNPATH_SEARCH_PATHS = (
					"$(inherited)",
					"@executable_path/Frameworks",
				);
				PRODUCT_BUNDLE_IDENTIFIER = com.jorgemoraprieto.pruebaIpad;
				PRODUCT_NAME = "$(TARGET_NAME)";
				SWIFT_VERSION = 4.2;
				TARGETED_DEVICE_FAMILY = "1,2";
			};
			name = Debug;
		};
		9AD75FC921CBD5E5006834CE /* Release */ = {
			isa = XCBuildConfiguration;
			buildSettings = {
				ASSETCATALOG_COMPILER_APPICON_NAME = AppIcon;
				CODE_SIGN_STYLE = Automatic;
				DEVELOPMENT_TEAM = R2D8XYZFP2;
				INFOPLIST_FILE = pruebaIpad/Info.plist;
				IPHONEOS_DEPLOYMENT_TARGET = 12.1;
				LD_RUNPATH_SEARCH_PATHS = (
					"$(inherited)",
					"@executable_path/Frameworks",
				);
				PRODUCT_BUNDLE_IDENTIFIER = com.jorgemoraprieto.pruebaIpad;
				PRODUCT_NAME = "$(TARGET_NAME)";
				SWIFT_VERSION = 4.2;
				TARGETED_DEVICE_FAMILY = "1,2";
			};
			name = Release;
		};
		9AD75FCB21CBD5E5006834CE /* Debug */ = {
			isa = XCBuildConfiguration;
			buildSettings = {
				ALWAYS_EMBED_SWIFT_STANDARD_LIBRARIES = YES;
				BUNDLE_LOADER = "$(TEST_HOST)";
				CODE_SIGN_STYLE = Automatic;
				INFOPLIST_FILE = pruebaIpadTests/Info.plist;
				LD_RUNPATH_SEARCH_PATHS = (
					"$(inherited)",
					"@executable_path/Frameworks",
					"@loader_path/Frameworks",
				);
				PRODUCT_BUNDLE_IDENTIFIER = com.jorgemoraprieto.pruebaIpadTests;
				PRODUCT_NAME = "$(TARGET_NAME)";
				SWIFT_VERSION = 4.2;
				TARGETED_DEVICE_FAMILY = "1,2";
				TEST_HOST = "$(BUILT_PRODUCTS_DIR)/IamRichVader.app/IamRichVader";
			};
			name = Debug;
		};
		9AD75FCC21CBD5E5006834CE /* Release */ = {
			isa = XCBuildConfiguration;
			buildSettings = {
				ALWAYS_EMBED_SWIFT_STANDARD_LIBRARIES = YES;
				BUNDLE_LOADER = "$(TEST_HOST)";
				CODE_SIGN_STYLE = Automatic;
				INFOPLIST_FILE = pruebaIpadTests/Info.plist;
				LD_RUNPATH_SEARCH_PATHS = (
					"$(inherited)",
					"@executable_path/Frameworks",
					"@loader_path/Frameworks",
				);
				PRODUCT_BUNDLE_IDENTIFIER = com.jorgemoraprieto.pruebaIpadTests;
				PRODUCT_NAME = "$(TARGET_NAME)";
				SWIFT_VERSION = 4.2;
				TARGETED_DEVICE_FAMILY = "1,2";
				TEST_HOST = "$(BUILT_PRODUCTS_DIR)/IamRichVader.app/IamRichVader";
			};
			name = Release;
		};
		9AD75FCE21CBD5E5006834CE /* Debug */ = {
			isa = XCBuildConfiguration;
			buildSettings = {
				ALWAYS_EMBED_SWIFT_STANDARD_LIBRARIES = YES;
				CODE_SIGN_STYLE = Automatic;
				INFOPLIST_FILE = pruebaIpadUITests/Info.plist;
				LD_RUNPATH_SEARCH_PATHS = (
					"$(inherited)",
					"@executable_path/Frameworks",
					"@loader_path/Frameworks",
				);
				PRODUCT_BUNDLE_IDENTIFIER = com.jorgemoraprieto.pruebaIpadUITests;
				PRODUCT_NAME = "$(TARGET_NAME)";
				SWIFT_VERSION = 4.2;
				TARGETED_DEVICE_FAMILY = "1,2";
				TEST_TARGET_NAME = pruebaIpad;
			};
			name = Debug;
		};
		9AD75FCF21CBD5E5006834CE /* Release */ = {
			isa = XCBuildConfiguration;
			buildSettings = {
				ALWAYS_EMBED_SWIFT_STANDARD_LIBRARIES = YES;
				CODE_SIGN_STYLE = Automatic;
				INFOPLIST_FILE = pruebaIpadUITests/Info.plist;
				LD_RUNPATH_SEARCH_PATHS = (
					"$(inherited)",
					"@executable_path/Frameworks",
					"@loader_path/Frameworks",
				);
				PRODUCT_BUNDLE_IDENTIFIER = com.jorgemoraprieto.pruebaIpadUITests;
				PRODUCT_NAME = "$(TARGET_NAME)";
				SWIFT_VERSION = 4.2;
				TARGETED_DEVICE_FAMILY = "1,2";
				TEST_TARGET_NAME = pruebaIpad;
			};
			name = Release;
		};
/* End XCBuildConfiguration section */

/* Begin XCConfigurationList section */
		9AD75F9A21CBD5E4006834CE /* Build configuration list for PBXProject "IamRichVader" */ = {
			isa = XCConfigurationList;
			buildConfigurations = (
				9AD75FC521CBD5E5006834CE /* Debug */,
				9AD75FC621CBD5E5006834CE /* Release */,
			);
			defaultConfigurationIsVisible = 0;
			defaultConfigurationName = Release;
		};
		9AD75FC721CBD5E5006834CE /* Build configuration list for PBXNativeTarget "IamRichVader" */ = {
			isa = XCConfigurationList;
			buildConfigurations = (
				9AD75FC821CBD5E5006834CE /* Debug */,
				9AD75FC921CBD5E5006834CE /* Release */,
			);
			defaultConfigurationIsVisible = 0;
			defaultConfigurationName = Release;
		};
		9AD75FCA21CBD5E5006834CE /* Build configuration list for PBXNativeTarget "IamRichVaderTests" */ = {
			isa = XCConfigurationList;
			buildConfigurations = (
				9AD75FCB21CBD5E5006834CE /* Debug */,
				9AD75FCC21CBD5E5006834CE /* Release */,
			);
			defaultConfigurationIsVisible = 0;
			defaultConfigurationName = Release;
		};
		9AD75FCD21CBD5E5006834CE /* Build configuration list for PBXNativeTarget "IamRichVaderUITests" */ = {
			isa = XCConfigurationList;
			buildConfigurations = (
				9AD75FCE21CBD5E5006834CE /* Debug */,
				9AD75FCF21CBD5E5006834CE /* Release */,
			);
			defaultConfigurationIsVisible = 0;
			defaultConfigurationName = Release;
		};
/* End XCConfigurationList section */
	};
	rootObject = 9AD75F9721CBD5E4006834CE /* Project object */;
}
