// !$*UTF8*$!
{
	archiveVersion = 1;
	classes = {
	};
	objectVersion = 50;
	objects = {

/* Begin PBXBuildFile section */
		1E50665E21E155760030DBF4 /* AppDelegate.swift in Sources */ = {isa = PBXBuildFile; fileRef = 1E50665D21E155760030DBF4 /* AppDelegate.swift */; };
		1E50666021E155760030DBF4 /* ViewController.swift in Sources */ = {isa = PBXBuildFile; fileRef = 1E50665F21E155760030DBF4 /* ViewController.swift */; };
		1E50666321E155760030DBF4 /* Main.storyboard in Resources */ = {isa = PBXBuildFile; fileRef = 1E50666121E155760030DBF4 /* Main.storyboard */; };
		1E50666521E155780030DBF4 /* Assets.xcassets in Resources */ = {isa = PBXBuildFile; fileRef = 1E50666421E155780030DBF4 /* Assets.xcassets */; };
		1E50666821E155780030DBF4 /* LaunchScreen.storyboard in Resources */ = {isa = PBXBuildFile; fileRef = 1E50666621E155780030DBF4 /* LaunchScreen.storyboard */; };
		72A93B800327273DC6B294AA /* Pods_06_WebScrapping.framework in Frameworks */ = {isa = PBXBuildFile; fileRef = FCE75179E9D75DE7862D5F3C /* Pods_06_WebScrapping.framework */; };
/* End PBXBuildFile section */

/* Begin PBXFileReference section */
		1E50665A21E155760030DBF4 /* 06-WebScrapping.app */ = {isa = PBXFileReference; explicitFileType = wrapper.application; includeInIndex = 0; path = "06-WebScrapping.app"; sourceTree = BUILT_PRODUCTS_DIR; };
		1E50665D21E155760030DBF4 /* AppDelegate.swift */ = {isa = PBXFileReference; lastKnownFileType = sourcecode.swift; path = AppDelegate.swift; sourceTree = "<group>"; };
		1E50665F21E155760030DBF4 /* ViewController.swift */ = {isa = PBXFileReference; lastKnownFileType = sourcecode.swift; path = ViewController.swift; sourceTree = "<group>"; };
		1E50666221E155760030DBF4 /* Base */ = {isa = PBXFileReference; lastKnownFileType = file.storyboard; name = Base; path = Base.lproj/Main.storyboard; sourceTree = "<group>"; };
		1E50666421E155780030DBF4 /* Assets.xcassets */ = {isa = PBXFileReference; lastKnownFileType = folder.assetcatalog; path = Assets.xcassets; sourceTree = "<group>"; };
		1E50666721E155780030DBF4 /* Base */ = {isa = PBXFileReference; lastKnownFileType = file.storyboard; name = Base; path = Base.lproj/LaunchScreen.storyboard; sourceTree = "<group>"; };
		1E50666921E155780030DBF4 /* Info.plist */ = {isa = PBXFileReference; lastKnownFileType = text.plist.xml; path = Info.plist; sourceTree = "<group>"; };
		9218812EEE60152ABEC961AC /* Pods-06-WebScrapping.debug.xcconfig */ = {isa = PBXFileReference; includeInIndex = 1; lastKnownFileType = text.xcconfig; name = "Pods-06-WebScrapping.debug.xcconfig"; path = "Pods/Target Support Files/Pods-06-WebScrapping/Pods-06-WebScrapping.debug.xcconfig"; sourceTree = "<group>"; };
		ED74C4FD83F206F12347B604 /* Pods-06-WebScrapping.release.xcconfig */ = {isa = PBXFileReference; includeInIndex = 1; lastKnownFileType = text.xcconfig; name = "Pods-06-WebScrapping.release.xcconfig"; path = "Pods/Target Support Files/Pods-06-WebScrapping/Pods-06-WebScrapping.release.xcconfig"; sourceTree = "<group>"; };
		FCE75179E9D75DE7862D5F3C /* Pods_06_WebScrapping.framework */ = {isa = PBXFileReference; explicitFileType = wrapper.framework; includeInIndex = 0; path = Pods_06_WebScrapping.framework; sourceTree = BUILT_PRODUCTS_DIR; };
/* End PBXFileReference section */

/* Begin PBXFrameworksBuildPhase section */
		1E50665721E155760030DBF4 /* Frameworks */ = {
			isa = PBXFrameworksBuildPhase;
			buildActionMask = 2147483647;
			files = (
				72A93B800327273DC6B294AA /* Pods_06_WebScrapping.framework in Frameworks */,
			);
			runOnlyForDeploymentPostprocessing = 0;
		};
/* End PBXFrameworksBuildPhase section */

/* Begin PBXGroup section */
		1E50665121E155760030DBF4 = {
			isa = PBXGroup;
			children = (
				1E50665C21E155760030DBF4 /* 06-WebScrapping */,
				1E50665B21E155760030DBF4 /* Products */,
				479CBCCFCBA69AB4EBD0B002 /* Pods */,
				A8FBFFD648D2EBA8AA042237 /* Frameworks */,
			);
			sourceTree = "<group>";
		};
		1E50665B21E155760030DBF4 /* Products */ = {
			isa = PBXGroup;
			children = (
				1E50665A21E155760030DBF4 /* 06-WebScrapping.app */,
			);
			name = Products;
			sourceTree = "<group>";
		};
		1E50665C21E155760030DBF4 /* 06-WebScrapping */ = {
			isa = PBXGroup;
			children = (
				1E50665D21E155760030DBF4 /* AppDelegate.swift */,
				1E50665F21E155760030DBF4 /* ViewController.swift */,
				1E50666121E155760030DBF4 /* Main.storyboard */,
				1E50666421E155780030DBF4 /* Assets.xcassets */,
				1E50666621E155780030DBF4 /* LaunchScreen.storyboard */,
				1E50666921E155780030DBF4 /* Info.plist */,
			);
			path = "06-WebScrapping";
			sourceTree = "<group>";
		};
		479CBCCFCBA69AB4EBD0B002 /* Pods */ = {
			isa = PBXGroup;
			children = (
				9218812EEE60152ABEC961AC /* Pods-06-WebScrapping.debug.xcconfig */,
				ED74C4FD83F206F12347B604 /* Pods-06-WebScrapping.release.xcconfig */,
			);
			name = Pods;
			sourceTree = "<group>";
		};
		A8FBFFD648D2EBA8AA042237 /* Frameworks */ = {
			isa = PBXGroup;
			children = (
				FCE75179E9D75DE7862D5F3C /* Pods_06_WebScrapping.framework */,
			);
			name = Frameworks;
			sourceTree = "<group>";
		};
/* End PBXGroup section */

/* Begin PBXNativeTarget section */
		1E50665921E155760030DBF4 /* 06-WebScrapping */ = {
			isa = PBXNativeTarget;
			buildConfigurationList = 1E50666C21E155780030DBF4 /* Build configuration list for PBXNativeTarget "06-WebScrapping" */;
			buildPhases = (
				6B7701A7CF5C8C421FDFA66A /* [CP] Check Pods Manifest.lock */,
				1E50665621E155760030DBF4 /* Sources */,
				1E50665721E155760030DBF4 /* Frameworks */,
				1E50665821E155760030DBF4 /* Resources */,
				0A0662EB0B3137B0B210CD89 /* [CP] Embed Pods Frameworks */,
			);
			buildRules = (
			);
			dependencies = (
			);
			name = "06-WebScrapping";
			productName = "06-WebScrapping";
			productReference = 1E50665A21E155760030DBF4 /* 06-WebScrapping.app */;
			productType = "com.apple.product-type.application";
		};
/* End PBXNativeTarget section */

/* Begin PBXProject section */
		1E50665221E155760030DBF4 /* Project object */ = {
			isa = PBXProject;
			attributes = {
				LastSwiftUpdateCheck = 1010;
				LastUpgradeCheck = 1010;
				ORGANIZATIONNAME = Macabuku;
				TargetAttributes = {
					1E50665921E155760030DBF4 = {
						CreatedOnToolsVersion = 10.1;
					};
				};
			};
			buildConfigurationList = 1E50665521E155760030DBF4 /* Build configuration list for PBXProject "06-WebScrapping" */;
			compatibilityVersion = "Xcode 9.3";
			developmentRegion = en;
			hasScannedForEncodings = 0;
			knownRegions = (
				en,
				Base,
			);
			mainGroup = 1E50665121E155760030DBF4;
			productRefGroup = 1E50665B21E155760030DBF4 /* Products */;
			projectDirPath = "";
			projectRoot = "";
			targets = (
				1E50665921E155760030DBF4 /* 06-WebScrapping */,
			);
		};
/* End PBXProject section */

/* Begin PBXResourcesBuildPhase section */
		1E50665821E155760030DBF4 /* Resources */ = {
			isa = PBXResourcesBuildPhase;
			buildActionMask = 2147483647;
			files = (
				1E50666821E155780030DBF4 /* LaunchScreen.storyboard in Resources */,
				1E50666521E155780030DBF4 /* Assets.xcassets in Resources */,
				1E50666321E155760030DBF4 /* Main.storyboard in Resources */,
			);
			runOnlyForDeploymentPostprocessing = 0;
		};
/* End PBXResourcesBuildPhase section */

/* Begin PBXShellScriptBuildPhase section */
		0A0662EB0B3137B0B210CD89 /* [CP] Embed Pods Frameworks */ = {
			isa = PBXShellScriptBuildPhase;
			buildActionMask = 2147483647;
			files = (
			);
			inputPaths = (
				"${SRCROOT}/Pods/Target Support Files/Pods-06-WebScrapping/Pods-06-WebScrapping-frameworks.sh",
				"${BUILT_PRODUCTS_DIR}/Alamofire/Alamofire.framework",
				"${BUILT_PRODUCTS_DIR}/Kanna/Kanna.framework",
			);
			name = "[CP] Embed Pods Frameworks";
			outputPaths = (
				"${TARGET_BUILD_DIR}/${FRAMEWORKS_FOLDER_PATH}/Alamofire.framework",
				"${TARGET_BUILD_DIR}/${FRAMEWORKS_FOLDER_PATH}/Kanna.framework",
			);
			runOnlyForDeploymentPostprocessing = 0;
			shellPath = /bin/sh;
			shellScript = "\"${SRCROOT}/Pods/Target Support Files/Pods-06-WebScrapping/Pods-06-WebScrapping-frameworks.sh\"\n";
			showEnvVarsInLog = 0;
		};
		6B7701A7CF5C8C421FDFA66A /* [CP] Check Pods Manifest.lock */ = {
			isa = PBXShellScriptBuildPhase;
			buildActionMask = 2147483647;
			files = (
			);
			inputPaths = (
				"${PODS_PODFILE_DIR_PATH}/Podfile.lock",
				"${PODS_ROOT}/Manifest.lock",
			);
			name = "[CP] Check Pods Manifest.lock";
			outputPaths = (
				"$(DERIVED_FILE_DIR)/Pods-06-WebScrapping-checkManifestLockResult.txt",
			);
			runOnlyForDeploymentPostprocessing = 0;
			shellPath = /bin/sh;
			shellScript = "diff \"${PODS_PODFILE_DIR_PATH}/Podfile.lock\" \"${PODS_ROOT}/Manifest.lock\" > /dev/null\nif [ $? != 0 ] ; then\n    # print error to STDERR\n    echo \"error: The sandbox is not in sync with the Podfile.lock. Run 'pod install' or update your CocoaPods installation.\" >&2\n    exit 1\nfi\n# This output is used by Xcode 'outputs' to avoid re-running this script phase.\necho \"SUCCESS\" > \"${SCRIPT_OUTPUT_FILE_0}\"\n";
			showEnvVarsInLog = 0;
		};
/* End PBXShellScriptBuildPhase section */

/* Begin PBXSourcesBuildPhase section */
		1E50665621E155760030DBF4 /* Sources */ = {
			isa = PBXSourcesBuildPhase;
			buildActionMask = 2147483647;
			files = (
				1E50666021E155760030DBF4 /* ViewController.swift in Sources */,
				1E50665E21E155760030DBF4 /* AppDelegate.swift in Sources */,
			);
			runOnlyForDeploymentPostprocessing = 0;
		};
/* End PBXSourcesBuildPhase section */

/* Begin PBXVariantGroup section */
		1E50666121E155760030DBF4 /* Main.storyboard */ = {
			isa = PBXVariantGroup;
			children = (
				1E50666221E155760030DBF4 /* Base */,
			);
			name = Main.storyboard;
			sourceTree = "<group>";
		};
		1E50666621E155780030DBF4 /* LaunchScreen.storyboard */ = {
			isa = PBXVariantGroup;
			children = (
				1E50666721E155780030DBF4 /* Base */,
			);
			name = LaunchScreen.storyboard;
			sourceTree = "<group>";
		};
/* End PBXVariantGroup section */

/* Begin XCBuildConfiguration section */
		1E50666A21E155780030DBF4 /* Debug */ = {
			isa = XCBuildConfiguration;
			buildSettings = {
				ALWAYS_SEARCH_USER_PATHS = NO;
				CLANG_ANALYZER_NONNULL = YES;
				CLANG_ANALYZER_NUMBER_OBJECT_CONVERSION = YES_AGGRESSIVE;
				CLANG_CXX_LANGUAGE_STANDARD = "gnu++14";
				CLANG_CXX_LIBRARY = "libc++";
				CLANG_ENABLE_MODULES = YES;
				CLANG_ENABLE_OBJC_ARC = YES;
				CLANG_ENABLE_OBJC_WEAK = YES;
				CLANG_WARN_BLOCK_CAPTURE_AUTORELEASING = YES;
				CLANG_WARN_BOOL_CONVERSION = YES;
				CLANG_WARN_COMMA = YES;
				CLANG_WARN_CONSTANT_CONVERSION = YES;
				CLANG_WARN_DEPRECATED_OBJC_IMPLEMENTATIONS = YES;
				CLANG_WARN_DIRECT_OBJC_ISA_USAGE = YES_ERROR;
				CLANG_WARN_DOCUMENTATION_COMMENTS = YES;
				CLANG_WARN_EMPTY_BODY = YES;
				CLANG_WARN_ENUM_CONVERSION = YES;
				CLANG_WARN_INFINITE_RECURSION = YES;
				CLANG_WARN_INT_CONVERSION = YES;
				CLANG_WARN_NON_LITERAL_NULL_CONVERSION = YES;
				CLANG_WARN_OBJC_IMPLICIT_RETAIN_SELF = YES;
				CLANG_WARN_OBJC_LITERAL_CONVERSION = YES;
				CLANG_WARN_OBJC_ROOT_CLASS = YES_ERROR;
				CLANG_WARN_RANGE_LOOP_ANALYSIS = YES;
				CLANG_WARN_STRICT_PROTOTYPES = YES;
				CLANG_WARN_SUSPICIOUS_MOVE = YES;
				CLANG_WARN_UNGUARDED_AVAILABILITY = YES_AGGRESSIVE;
				CLANG_WARN_UNREACHABLE_CODE = YES;
				CLANG_WARN__DUPLICATE_METHOD_MATCH = YES;
				CODE_SIGN_IDENTITY = "iPhone Developer";
				COPY_PHASE_STRIP = NO;
				DEBUG_INFORMATION_FORMAT = dwarf;
				ENABLE_STRICT_OBJC_MSGSEND = YES;
				ENABLE_TESTABILITY = YES;
				GCC_C_LANGUAGE_STANDARD = gnu11;
				GCC_DYNAMIC_NO_PIC = NO;
				GCC_NO_COMMON_BLOCKS = YES;
				GCC_OPTIMIZATION_LEVEL = 0;
				GCC_PREPROCESSOR_DEFINITIONS = (
					"DEBUG=1",
					"$(inherited)",
				);
				GCC_WARN_64_TO_32_BIT_CONVERSION = YES;
				GCC_WARN_ABOUT_RETURN_TYPE = YES_ERROR;
				GCC_WARN_UNDECLARED_SELECTOR = YES;
				GCC_WARN_UNINITIALIZED_AUTOS = YES_AGGRESSIVE;
				GCC_WARN_UNUSED_FUNCTION = YES;
				GCC_WARN_UNUSED_VARIABLE = YES;
				IPHONEOS_DEPLOYMENT_TARGET = 12.1;
				MTL_ENABLE_DEBUG_INFO = INCLUDE_SOURCE;
				MTL_FAST_MATH = YES;
				ONLY_ACTIVE_ARCH = YES;
				SDKROOT = iphoneos;
				SWIFT_ACTIVE_COMPILATION_CONDITIONS = DEBUG;
				SWIFT_OPTIMIZATION_LEVEL = "-Onone";
			};
			name = Debug;
		};
		1E50666B21E155780030DBF4 /* Release */ = {
			isa = XCBuildConfiguration;
			buildSettings = {
				ALWAYS_SEARCH_USER_PATHS = NO;
				CLANG_ANALYZER_NONNULL = YES;
				CLANG_ANALYZER_NUMBER_OBJECT_CONVERSION = YES_AGGRESSIVE;
				CLANG_CXX_LANGUAGE_STANDARD = "gnu++14";
				CLANG_CXX_LIBRARY = "libc++";
				CLANG_ENABLE_MODULES = YES;
				CLANG_ENABLE_OBJC_ARC = YES;
				CLANG_ENABLE_OBJC_WEAK = YES;
				CLANG_WARN_BLOCK_CAPTURE_AUTORELEASING = YES;
				CLANG_WARN_BOOL_CONVERSION = YES;
				CLANG_WARN_COMMA = YES;
				CLANG_WARN_CONSTANT_CONVERSION = YES;
				CLANG_WARN_DEPRECATED_OBJC_IMPLEMENTATIONS = YES;
				CLANG_WARN_DIRECT_OBJC_ISA_USAGE = YES_ERROR;
				CLANG_WARN_DOCUMENTATION_COMMENTS = YES;
				CLANG_WARN_EMPTY_BODY = YES;
				CLANG_WARN_ENUM_CONVERSION = YES;
				CLANG_WARN_INFINITE_RECURSION = YES;
				CLANG_WARN_INT_CONVERSION = YES;
				CLANG_WARN_NON_LITERAL_NULL_CONVERSION = YES;
				CLANG_WARN_OBJC_IMPLICIT_RETAIN_SELF = YES;
				CLANG_WARN_OBJC_LITERAL_CONVERSION = YES;
				CLANG_WARN_OBJC_ROOT_CLASS = YES_ERROR;
				CLANG_WARN_RANGE_LOOP_ANALYSIS = YES;
				CLANG_WARN_STRICT_PROTOTYPES = YES;
				CLANG_WARN_SUSPICIOUS_MOVE = YES;
				CLANG_WARN_UNGUARDED_AVAILABILITY = YES_AGGRESSIVE;
				CLANG_WARN_UNREACHABLE_CODE = YES;
				CLANG_WARN__DUPLICATE_METHOD_MATCH = YES;
				CODE_SIGN_IDENTITY = "iPhone Developer";
				COPY_PHASE_STRIP = NO;
				DEBUG_INFORMATION_FORMAT = "dwarf-with-dsym";
				ENABLE_NS_ASSERTIONS = NO;
				ENABLE_STRICT_OBJC_MSGSEND = YES;
				GCC_C_LANGUAGE_STANDARD = gnu11;
				GCC_NO_COMMON_BLOCKS = YES;
				GCC_WARN_64_TO_32_BIT_CONVERSION = YES;
				GCC_WARN_ABOUT_RETURN_TYPE = YES_ERROR;
				GCC_WARN_UNDECLARED_SELECTOR = YES;
				GCC_WARN_UNINITIALIZED_AUTOS = YES_AGGRESSIVE;
				GCC_WARN_UNUSED_FUNCTION = YES;
				GCC_WARN_UNUSED_VARIABLE = YES;
				IPHONEOS_DEPLOYMENT_TARGET = 12.1;
				MTL_ENABLE_DEBUG_INFO = NO;
				MTL_FAST_MATH = YES;
				SDKROOT = iphoneos;
				SWIFT_COMPILATION_MODE = wholemodule;
				SWIFT_OPTIMIZATION_LEVEL = "-O";
				VALIDATE_PRODUCT = YES;
			};
			name = Release;
		};
		1E50666D21E155780030DBF4 /* Debug */ = {
			isa = XCBuildConfiguration;
			baseConfigurationReference = 9218812EEE60152ABEC961AC /* Pods-06-WebScrapping.debug.xcconfig */;
			buildSettings = {
				ASSETCATALOG_COMPILER_APPICON_NAME = AppIcon;
				CODE_SIGN_STYLE = Automatic;
				DEVELOPMENT_TEAM = R2D8XYZFP2;
				INFOPLIST_FILE = "06-WebScrapping/Info.plist";
				LD_RUNPATH_SEARCH_PATHS = (
					"$(inherited)",
					"@executable_path/Frameworks",
				);
				PRODUCT_BUNDLE_IDENTIFIER = "com.jorgemoraprieto.-6-WebScrapping";
				PRODUCT_NAME = "$(TARGET_NAME)";
				SWIFT_VERSION = 4.2;
				TARGETED_DEVICE_FAMILY = "1,2";
			};
			name = Debug;
		};
		1E50666E21E155780030DBF4 /* Release */ = {
			isa = XCBuildConfiguration;
			baseConfigurationReference = ED74C4FD83F206F12347B604 /* Pods-06-WebScrapping.release.xcconfig */;
			buildSettings = {
				ASSETCATALOG_COMPILER_APPICON_NAME = AppIcon;
				CODE_SIGN_STYLE = Automatic;
				DEVELOPMENT_TEAM = R2D8XYZFP2;
				INFOPLIST_FILE = "06-WebScrapping/Info.plist";
				LD_RUNPATH_SEARCH_PATHS = (
					"$(inherited)",
					"@executable_path/Frameworks",
				);
				PRODUCT_BUNDLE_IDENTIFIER = "com.jorgemoraprieto.-6-WebScrapping";
				PRODUCT_NAME = "$(TARGET_NAME)";
				SWIFT_VERSION = 4.2;
				TARGETED_DEVICE_FAMILY = "1,2";
			};
			name = Release;
		};
/* End XCBuildConfiguration section */

/* Begin XCConfigurationList section */
		1E50665521E155760030DBF4 /* Build configuration list for PBXProject "06-WebScrapping" */ = {
			isa = XCConfigurationList;
			buildConfigurations = (
				1E50666A21E155780030DBF4 /* Debug */,
				1E50666B21E155780030DBF4 /* Release */,
			);
			defaultConfigurationIsVisible = 0;
			defaultConfigurationName = Release;
		};
		1E50666C21E155780030DBF4 /* Build configuration list for PBXNativeTarget "06-WebScrapping" */ = {
			isa = XCConfigurationList;
			buildConfigurations = (
				1E50666D21E155780030DBF4 /* Debug */,
				1E50666E21E155780030DBF4 /* Release */,
			);
			defaultConfigurationIsVisible = 0;
			defaultConfigurationName = Release;
		};
/* End XCConfigurationList section */
	};
	rootObject = 1E50665221E155760030DBF4 /* Project object */;
}
